
Microsoft Visual Studio Solution File, Format Version 12.00
# Visual Studio 14
VisualStudioVersion = 14.0.25420.1
MinimumVisualStudioVersion = 10.0.40219.1
Project("{FAE04EC0-301F-11D3-BF4B-00C04F79EFBC}") = "BankQueue", "BankQueue\BankQueue.csproj", "{D0A24A94-7CCE-4720-B095-3C9097ABE2BE}"
EndProject
Project("{FAE04EC0-301F-11D3-BF4B-00C04F79EFBC}") = "BankQueue.Core", "BankQueue.Core\BankQueue.Core.csproj", "{005D5F22-852B-4DB9-8305-8803AD984AE3}"
EndProject
Project("{FAE04EC0-301F-11D3-BF4B-00C04F79EFBC}") = "Service.Common", "Service.Common\Service.Common.csproj", "{278BA42B-7F97-497A-A1AB-F37275280228}"
EndProject
Project("{2150E333-8FDC-42A3-9474-1A3956D46DE8}") = "Test", "Test", "{07C439BE-45D8-4038-B1C3-B6B5DAA575AB}"
EndProject
Project("{FAE04EC0-301F-11D3-BF4B-00C04F79EFBC}") = "BankStatistic.Module", "BankStatistic.Module\BankStatistic.Module.csproj", "{FCF90492-FDEC-4DEA-A7C9-AFAF4BC34D0A}"
EndProject
Project("{FAE04EC0-301F-11D3-BF4B-00C04F79EFBC}") = "Bank.Common", "Bank.Common\Bank.Common.csproj", "{F8EEFBD4-8138-4BCD-A4C0-7975B7369968}"
EndProject
Project("{FAE04EC0-301F-11D3-BF4B-00C04F79EFBC}") = "BankService", "BankService\BankService.csproj", "{8E0B1B19-695D-4B94-BEE8-CB9DEF20D174}"
EndProject
Project("{FAE04EC0-301F-11D3-BF4B-00C04F79EFBC}") = "BankServiceHost", "BankServiceHost\BankServiceHost.csproj", "{639D1EF7-481E-4D4A-B172-649FC37783F0}"
EndProject
Project("{FAE04EC0-301F-11D3-BF4B-00C04F79EFBC}") = "UnitTests", "Test\UnitTests\UnitTests.csproj", "{3210D4B9-5B4D-42A9-B3EC-D9E6F525B748}"
EndProject
Project("{FAE04EC0-301F-11D3-BF4B-00C04F79EFBC}") = "Tests.Integration", "Test\Tests.Integration\Tests.Integration.csproj", "{9160A417-216E-465D-9511-EC51E6F4E493}"
EndProject
Project("{2150E333-8FDC-42A3-9474-1A3956D46DE8}") = "Common", "Common", "{31E806D4-3649-4BDC-9EE7-D039FB9D5E10}"
EndProject
Project("{FAE04EC0-301F-11D3-BF4B-00C04F79EFBC}") = "SocketDog.Common", "..\SocketDog\SocketDog\SocketDog.Common\SocketDog.Common.csproj", "{13C314AC-118B-41AF-9448-7F8E909B4783}"
EndProject
Global
	GlobalSection(SolutionConfigurationPlatforms) = preSolution
		Debug|Any CPU = Debug|Any CPU
		Release|Any CPU = Release|Any CPU
	EndGlobalSection
	GlobalSection(ProjectConfigurationPlatforms) = postSolution
		{D0A24A94-7CCE-4720-B095-3C9097ABE2BE}.Debug|Any CPU.ActiveCfg = Debug|Any CPU
		{D0A24A94-7CCE-4720-B095-3C9097ABE2BE}.Debug|Any CPU.Build.0 = Debug|Any CPU
		{D0A24A94-7CCE-4720-B095-3C9097ABE2BE}.Release|Any CPU.ActiveCfg = Release|Any CPU
		{D0A24A94-7CCE-4720-B095-3C9097ABE2BE}.Release|Any CPU.Build.0 = Release|Any CPU
		{005D5F22-852B-4DB9-8305-8803AD984AE3}.Debug|Any CPU.ActiveCfg = Debug|Any CPU
		{005D5F22-852B-4DB9-8305-8803AD984AE3}.Debug|Any CPU.Build.0 = Debug|Any CPU
		{005D5F22-852B-4DB9-8305-8803AD984AE3}.Release|Any CPU.ActiveCfg = Release|Any CPU
		{005D5F22-852B-4DB9-8305-8803AD984AE3}.Release|Any CPU.Build.0 = Release|Any CPU
		{278BA42B-7F97-497A-A1AB-F37275280228}.Debug|Any CPU.ActiveCfg = Debug|Any CPU
		{278BA42B-7F97-497A-A1AB-F37275280228}.Debug|Any CPU.Build.0 = Debug|Any CPU
		{278BA42B-7F97-497A-A1AB-F37275280228}.Release|Any CPU.ActiveCfg = Release|Any CPU
		{278BA42B-7F97-497A-A1AB-F37275280228}.Release|Any CPU.Build.0 = Release|Any CPU
		{FCF90492-FDEC-4DEA-A7C9-AFAF4BC34D0A}.Debug|Any CPU.ActiveCfg = Debug|Any CPU
		{FCF90492-FDEC-4DEA-A7C9-AFAF4BC34D0A}.Debug|Any CPU.Build.0 = Debug|Any CPU
		{FCF90492-FDEC-4DEA-A7C9-AFAF4BC34D0A}.Release|Any CPU.ActiveCfg = Release|Any CPU
		{FCF90492-FDEC-4DEA-A7C9-AFAF4BC34D0A}.Release|Any CPU.Build.0 = Release|Any CPU
		{F8EEFBD4-8138-4BCD-A4C0-7975B7369968}.Debug|Any CPU.ActiveCfg = Debug|Any CPU
		{F8EEFBD4-8138-4BCD-A4C0-7975B7369968}.Debug|Any CPU.Build.0 = Debug|Any CPU
		{F8EEFBD4-8138-4BCD-A4C0-7975B7369968}.Release|Any CPU.ActiveCfg = Release|Any CPU
		{F8EEFBD4-8138-4BCD-A4C0-7975B7369968}.Release|Any CPU.Build.0 = Release|Any CPU
		{8E0B1B19-695D-4B94-BEE8-CB9DEF20D174}.Debug|Any CPU.ActiveCfg = Debug|Any CPU
		{8E0B1B19-695D-4B94-BEE8-CB9DEF20D174}.Debug|Any CPU.Build.0 = Debug|Any CPU
		{8E0B1B19-695D-4B94-BEE8-CB9DEF20D174}.Release|Any CPU.ActiveCfg = Release|Any CPU
		{8E0B1B19-695D-4B94-BEE8-CB9DEF20D174}.Release|Any CPU.Build.0 = Release|Any CPU
		{639D1EF7-481E-4D4A-B172-649FC37783F0}.Debug|Any CPU.ActiveCfg = Debug|Any CPU
		{639D1EF7-481E-4D4A-B172-649FC37783F0}.Debug|Any CPU.Build.0 = Debug|Any CPU
		{639D1EF7-481E-4D4A-B172-649FC37783F0}.Release|Any CPU.ActiveCfg = Release|Any CPU
		{639D1EF7-481E-4D4A-B172-649FC37783F0}.Release|Any CPU.Build.0 = Release|Any CPU
		{3210D4B9-5B4D-42A9-B3EC-D9E6F525B748}.Debug|Any CPU.ActiveCfg = Debug|Any CPU
		{3210D4B9-5B4D-42A9-B3EC-D9E6F525B748}.Debug|Any CPU.Build.0 = Debug|Any CPU
		{3210D4B9-5B4D-42A9-B3EC-D9E6F525B748}.Release|Any CPU.ActiveCfg = Release|Any CPU
		{3210D4B9-5B4D-42A9-B3EC-D9E6F525B748}.Release|Any CPU.Build.0 = Release|Any CPU
		{9160A417-216E-465D-9511-EC51E6F4E493}.Debug|Any CPU.ActiveCfg = Debug|Any CPU
		{9160A417-216E-465D-9511-EC51E6F4E493}.Debug|Any CPU.Build.0 = Debug|Any CPU
		{9160A417-216E-465D-9511-EC51E6F4E493}.Release|Any CPU.ActiveCfg = Release|Any CPU
		{9160A417-216E-465D-9511-EC51E6F4E493}.Release|Any CPU.Build.0 = Release|Any CPU
		{13C314AC-118B-41AF-9448-7F8E909B4783}.Debug|Any CPU.ActiveCfg = Debug|Any CPU
		{13C314AC-118B-41AF-9448-7F8E909B4783}.Debug|Any CPU.Build.0 = Debug|Any CPU
		{13C314AC-118B-41AF-9448-7F8E909B4783}.Release|Any CPU.ActiveCfg = Release|Any CPU
		{13C314AC-118B-41AF-9448-7F8E909B4783}.Release|Any CPU.Build.0 = Release|Any CPU
	EndGlobalSection
	GlobalSection(SolutionProperties) = preSolution
		HideSolutionNode = FALSE
	EndGlobalSection
	GlobalSection(NestedProjects) = preSolution
		{3210D4B9-5B4D-42A9-B3EC-D9E6F525B748} = {07C439BE-45D8-4038-B1C3-B6B5DAA575AB}
		{9160A417-216E-465D-9511-EC51E6F4E493} = {07C439BE-45D8-4038-B1C3-B6B5DAA575AB}
		{13C314AC-118B-41AF-9448-7F8E909B4783} = {31E806D4-3649-4BDC-9EE7-D039FB9D5E10}
	EndGlobalSection
EndGlobal
